{
  "name": "rollum-starter-lib-example",
  "version": "0.0.1",
  "lockfileVersion": 1,
  "requires": true,
  "dependencies": {
    "@solaldr/emitter": {
      "version": "0.1.0",
      "resolved": "https://registry.npmjs.org/@solaldr/emitter/-/emitter-0.1.0.tgz",
      "integrity": "sha512-WkUlmgtFxpTnPKg0wkneqytH7uTrRMtebSjLYfCgeeIzfeSXupp83dyRnw9dsIK8bdckOP8z0rJLqKaZp1rlpw=="
    }
  }
}
